// !$*UTF8*$!
{
	archiveVersion = 1;
	classes = {
	};
	objectVersion = 56;
	objects = {

/* Begin PBXBuildFile section */
		198613B229A4B93700988EC9 /* TasksAppApp.swift in Sources */ = {isa = PBXBuildFile; fileRef = 198613B129A4B93700988EC9 /* TasksAppApp.swift */; };
		198613B429A4B93700988EC9 /* ContentView.swift in Sources */ = {isa = PBXBuildFile; fileRef = 198613B329A4B93700988EC9 /* ContentView.swift */; };
		198613B629A4B93800988EC9 /* Assets.xcassets in Resources */ = {isa = PBXBuildFile; fileRef = 198613B529A4B93800988EC9 /* Assets.xcassets */; };
		198613B929A4B93800988EC9 /* Preview Assets.xcassets in Resources */ = {isa = PBXBuildFile; fileRef = 198613B829A4B93800988EC9 /* Preview Assets.xcassets */; };
		198613C329A4B93800988EC9 /* TasksAppTests.swift in Sources */ = {isa = PBXBuildFile; fileRef = 198613C229A4B93800988EC9 /* TasksAppTests.swift */; };
		198613CD29A4B93800988EC9 /* TasksAppUITests.swift in Sources */ = {isa = PBXBuildFile; fileRef = 198613CC29A4B93800988EC9 /* TasksAppUITests.swift */; };
		198613CF29A4B93800988EC9 /* TasksAppUITestsLaunchTests.swift in Sources */ = {isa = PBXBuildFile; fileRef = 198613CE29A4B93800988EC9 /* TasksAppUITestsLaunchTests.swift */; };
		198613DC29A4C9FE00988EC9 /* BottomView.swift in Sources */ = {isa = PBXBuildFile; fileRef = 198613DB29A4C9FE00988EC9 /* BottomView.swift */; };
		198613DE29A4EE7300988EC9 /* TasksView.swift in Sources */ = {isa = PBXBuildFile; fileRef = 198613DD29A4EE7300988EC9 /* TasksView.swift */; };
		198613E629A509CB00988EC9 /* AddTasksView.swift in Sources */ = {isa = PBXBuildFile; fileRef = 198613E529A509CB00988EC9 /* AddTasksView.swift */; };
		198613E829A5175C00988EC9 /* AddListsView.swift in Sources */ = {isa = PBXBuildFile; fileRef = 198613E729A5175C00988EC9 /* AddListsView.swift */; };
		198613EA29ACB02F00988EC9 /* AuthentificationView.swift in Sources */ = {isa = PBXBuildFile; fileRef = 198613E929ACB02F00988EC9 /* AuthentificationView.swift */; };
		198613EC29ACBFBF00988EC9 /* ViewModel.swift in Sources */ = {isa = PBXBuildFile; fileRef = 198613EB29ACBFBF00988EC9 /* ViewModel.swift */; };
/* End PBXBuildFile section */

/* Begin PBXContainerItemProxy section */
		198613BF29A4B93800988EC9 /* PBXContainerItemProxy */ = {
			isa = PBXContainerItemProxy;
			containerPortal = 198613A629A4B93700988EC9 /* Project object */;
			proxyType = 1;
			remoteGlobalIDString = 198613AD29A4B93700988EC9;
			remoteInfo = TasksApp;
		};
		198613C929A4B93800988EC9 /* PBXContainerItemProxy */ = {
			isa = PBXContainerItemProxy;
			containerPortal = 198613A629A4B93700988EC9 /* Project object */;
			proxyType = 1;
			remoteGlobalIDString = 198613AD29A4B93700988EC9;
			remoteInfo = TasksApp;
		};
/* End PBXContainerItemProxy section */

/* Begin PBXFileReference section */
		198613AE29A4B93700988EC9 /* TasksApp.app */ = {isa = PBXFileReference; explicitFileType = wrapper.application; includeInIndex = 0; path = TasksApp.app; sourceTree = BUILT_PRODUCTS_DIR; };
		198613B129A4B93700988EC9 /* TasksAppApp.swift */ = {isa = PBXFileReference; lastKnownFileType = sourcecode.swift; path = TasksAppApp.swift; sourceTree = "<group>"; };
		198613B329A4B93700988EC9 /* ContentView.swift */ = {isa = PBXFileReference; lastKnownFileType = sourcecode.swift; path = ContentView.swift; sourceTree = "<group>"; };
		198613B529A4B93800988EC9 /* Assets.xcassets */ = {isa = PBXFileReference; lastKnownFileType = folder.assetcatalog; path = Assets.xcassets; sourceTree = "<group>"; };
		198613B829A4B93800988EC9 /* Preview Assets.xcassets */ = {isa = PBXFileReference; lastKnownFileType = folder.assetcatalog; path = "Preview Assets.xcassets"; sourceTree = "<group>"; };
		198613BE29A4B93800988EC9 /* TasksAppTests.xctest */ = {isa = PBXFileReference; explicitFileType = wrapper.cfbundle; includeInIndex = 0; path = TasksAppTests.xctest; sourceTree = BUILT_PRODUCTS_DIR; };
		198613C229A4B93800988EC9 /* TasksAppTests.swift */ = {isa = PBXFileReference; lastKnownFileType = sourcecode.swift; path = TasksAppTests.swift; sourceTree = "<group>"; };
		198613C829A4B93800988EC9 /* TasksAppUITests.xctest */ = {isa = PBXFileReference; explicitFileType = wrapper.cfbundle; includeInIndex = 0; path = TasksAppUITests.xctest; sourceTree = BUILT_PRODUCTS_DIR; };
		198613CC29A4B93800988EC9 /* TasksAppUITests.swift */ = {isa = PBXFileReference; lastKnownFileType = sourcecode.swift; path = TasksAppUITests.swift; sourceTree = "<group>"; };
		198613CE29A4B93800988EC9 /* TasksAppUITestsLaunchTests.swift */ = {isa = PBXFileReference; lastKnownFileType = sourcecode.swift; path = TasksAppUITestsLaunchTests.swift; sourceTree = "<group>"; };
		198613DB29A4C9FE00988EC9 /* BottomView.swift */ = {isa = PBXFileReference; lastKnownFileType = sourcecode.swift; path = BottomView.swift; sourceTree = "<group>"; };
		198613DD29A4EE7300988EC9 /* TasksView.swift */ = {isa = PBXFileReference; lastKnownFileType = sourcecode.swift; path = TasksView.swift; sourceTree = "<group>"; };
		198613E529A509CB00988EC9 /* AddTasksView.swift */ = {isa = PBXFileReference; lastKnownFileType = sourcecode.swift; path = AddTasksView.swift; sourceTree = "<group>"; };
		198613E729A5175C00988EC9 /* AddListsView.swift */ = {isa = PBXFileReference; lastKnownFileType = sourcecode.swift; path = AddListsView.swift; sourceTree = "<group>"; };
		198613E929ACB02F00988EC9 /* AuthentificationView.swift */ = {isa = PBXFileReference; lastKnownFileType = sourcecode.swift; path = AuthentificationView.swift; sourceTree = "<group>"; };
		198613EB29ACBFBF00988EC9 /* ViewModel.swift */ = {isa = PBXFileReference; lastKnownFileType = sourcecode.swift; path = ViewModel.swift; sourceTree = "<group>"; };
/* End PBXFileReference section */

/* Begin PBXFrameworksBuildPhase section */
		198613AB29A4B93700988EC9 /* Frameworks */ = {
			isa = PBXFrameworksBuildPhase;
			buildActionMask = 2147483647;
			files = (
			);
			runOnlyForDeploymentPostprocessing = 0;
		};
		198613BB29A4B93800988EC9 /* Frameworks */ = {
			isa = PBXFrameworksBuildPhase;
			buildActionMask = 2147483647;
			files = (
			);
			runOnlyForDeploymentPostprocessing = 0;
		};
		198613C529A4B93800988EC9 /* Frameworks */ = {
			isa = PBXFrameworksBuildPhase;
			buildActionMask = 2147483647;
			files = (
			);
			runOnlyForDeploymentPostprocessing = 0;
		};
/* End PBXFrameworksBuildPhase section */

/* Begin PBXGroup section */
		198613A529A4B93700988EC9 = {
			isa = PBXGroup;
			children = (
				198613B029A4B93700988EC9 /* TasksApp */,
				198613C129A4B93800988EC9 /* TasksAppTests */,
				198613CB29A4B93800988EC9 /* TasksAppUITests */,
				198613AF29A4B93700988EC9 /* Products */,
			);
			sourceTree = "<group>";
		};
		198613AF29A4B93700988EC9 /* Products */ = {
			isa = PBXGroup;
			children = (
				198613AE29A4B93700988EC9 /* TasksApp.app */,
				198613BE29A4B93800988EC9 /* TasksAppTests.xctest */,
				198613C829A4B93800988EC9 /* TasksAppUITests.xctest */,
			);
			name = Products;
			sourceTree = "<group>";
		};
		198613B029A4B93700988EC9 /* TasksApp */ = {
			isa = PBXGroup;
			children = (
				198613B129A4B93700988EC9 /* TasksAppApp.swift */,
				198613EB29ACBFBF00988EC9 /* ViewModel.swift */,
				198613B329A4B93700988EC9 /* ContentView.swift */,
				198613E729A5175C00988EC9 /* AddListsView.swift */,
				198613E529A509CB00988EC9 /* AddTasksView.swift */,
				198613E929ACB02F00988EC9 /* AuthentificationView.swift */,
				198613DB29A4C9FE00988EC9 /* BottomView.swift */,
				198613DD29A4EE7300988EC9 /* TasksView.swift */,
				198613B529A4B93800988EC9 /* Assets.xcassets */,
				198613B729A4B93800988EC9 /* Preview Content */,
			);
			path = TasksApp;
			sourceTree = "<group>";
		};
		198613B729A4B93800988EC9 /* Preview Content */ = {
			isa = PBXGroup;
			children = (
				198613B829A4B93800988EC9 /* Preview Assets.xcassets */,
			);
			path = "Preview Content";
			sourceTree = "<group>";
		};
		198613C129A4B93800988EC9 /* TasksAppTests */ = {
			isa = PBXGroup;
			children = (
				198613C229A4B93800988EC9 /* TasksAppTests.swift */,
			);
			path = TasksAppTests;
			sourceTree = "<group>";
		};
		198613CB29A4B93800988EC9 /* TasksAppUITests */ = {
			isa = PBXGroup;
			children = (
				198613CC29A4B93800988EC9 /* TasksAppUITests.swift */,
				198613CE29A4B93800988EC9 /* TasksAppUITestsLaunchTests.swift */,
			);
			path = TasksAppUITests;
			sourceTree = "<group>";
		};
/* End PBXGroup section */

/* Begin PBXNativeTarget section */
		198613AD29A4B93700988EC9 /* TasksApp */ = {
			isa = PBXNativeTarget;
			buildConfigurationList = 198613D229A4B93800988EC9 /* Build configuration list for PBXNativeTarget "TasksApp" */;
			buildPhases = (
				198613AA29A4B93700988EC9 /* Sources */,
				198613AB29A4B93700988EC9 /* Frameworks */,
				198613AC29A4B93700988EC9 /* Resources */,
			);
			buildRules = (
			);
			dependencies = (
			);
			name = TasksApp;
			productName = TasksApp;
			productReference = 198613AE29A4B93700988EC9 /* TasksApp.app */;
			productType = "com.apple.product-type.application";
		};
		198613BD29A4B93800988EC9 /* TasksAppTests */ = {
			isa = PBXNativeTarget;
			buildConfigurationList = 198613D529A4B93800988EC9 /* Build configuration list for PBXNativeTarget "TasksAppTests" */;
			buildPhases = (
				198613BA29A4B93800988EC9 /* Sources */,
				198613BB29A4B93800988EC9 /* Frameworks */,
				198613BC29A4B93800988EC9 /* Resources */,
			);
			buildRules = (
			);
			dependencies = (
				198613C029A4B93800988EC9 /* PBXTargetDependency */,
			);
			name = TasksAppTests;
			productName = TasksAppTests;
			productReference = 198613BE29A4B93800988EC9 /* TasksAppTests.xctest */;
			productType = "com.apple.product-type.bundle.unit-test";
		};
		198613C729A4B93800988EC9 /* TasksAppUITests */ = {
			isa = PBXNativeTarget;
			buildConfigurationList = 198613D829A4B93800988EC9 /* Build configuration list for PBXNativeTarget "TasksAppUITests" */;
			buildPhases = (
				198613C429A4B93800988EC9 /* Sources */,
				198613C529A4B93800988EC9 /* Frameworks */,
				198613C629A4B93800988EC9 /* Resources */,
			);
			buildRules = (
			);
			dependencies = (
				198613CA29A4B93800988EC9 /* PBXTargetDependency */,
			);
			name = TasksAppUITests;
			productName = TasksAppUITests;
			productReference = 198613C829A4B93800988EC9 /* TasksAppUITests.xctest */;
			productType = "com.apple.product-type.bundle.ui-testing";
		};
/* End PBXNativeTarget section */

/* Begin PBXProject section */
		198613A629A4B93700988EC9 /* Project object */ = {
			isa = PBXProject;
			attributes = {
				BuildIndependentTargetsInParallel = 1;
				LastSwiftUpdateCheck = 1420;
				LastUpgradeCheck = 1420;
				TargetAttributes = {
					198613AD29A4B93700988EC9 = {
						CreatedOnToolsVersion = 14.2;
					};
					198613BD29A4B93800988EC9 = {
						CreatedOnToolsVersion = 14.2;
						TestTargetID = 198613AD29A4B93700988EC9;
					};
					198613C729A4B93800988EC9 = {
						CreatedOnToolsVersion = 14.2;
						TestTargetID = 198613AD29A4B93700988EC9;
					};
				};
			};
			buildConfigurationList = 198613A929A4B93700988EC9 /* Build configuration list for PBXProject "TasksApp" */;
			compatibilityVersion = "Xcode 14.0";
			developmentRegion = en;
			hasScannedForEncodings = 0;
			knownRegions = (
				en,
				Base,
			);
			mainGroup = 198613A529A4B93700988EC9;
			productRefGroup = 198613AF29A4B93700988EC9 /* Products */;
			projectDirPath = "";
			projectRoot = "";
			targets = (
				198613AD29A4B93700988EC9 /* TasksApp */,
				198613BD29A4B93800988EC9 /* TasksAppTests */,
				198613C729A4B93800988EC9 /* TasksAppUITests */,
			);
		};
/* End PBXProject section */

/* Begin PBXResourcesBuildPhase section */
		198613AC29A4B93700988EC9 /* Resources */ = {
			isa = PBXResourcesBuildPhase;
			buildActionMask = 2147483647;
			files = (
				198613B929A4B93800988EC9 /* Preview Assets.xcassets in Resources */,
				198613B629A4B93800988EC9 /* Assets.xcassets in Resources */,
			);
			runOnlyForDeploymentPostprocessing = 0;
		};
		198613BC29A4B93800988EC9 /* Resources */ = {
			isa = PBXResourcesBuildPhase;
			buildActionMask = 2147483647;
			files = (
			);
			runOnlyForDeploymentPostprocessing = 0;
		};
		198613C629A4B93800988EC9 /* Resources */ = {
			isa = PBXResourcesBuildPhase;
			buildActionMask = 2147483647;
			files = (
			);
			runOnlyForDeploymentPostprocessing = 0;
		};
/* End PBXResourcesBuildPhase section */

/* Begin PBXSourcesBuildPhase section */
		198613AA29A4B93700988EC9 /* Sources */ = {
			isa = PBXSourcesBuildPhase;
			buildActionMask = 2147483647;
			files = (
				198613DC29A4C9FE00988EC9 /* BottomView.swift in Sources */,
				198613EC29ACBFBF00988EC9 /* ViewModel.swift in Sources */,
				198613B429A4B93700988EC9 /* ContentView.swift in Sources */,
				198613E629A509CB00988EC9 /* AddTasksView.swift in Sources */,
				198613B229A4B93700988EC9 /* TasksAppApp.swift in Sources */,
				198613E829A5175C00988EC9 /* AddListsView.swift in Sources */,
				198613DE29A4EE7300988EC9 /* TasksView.swift in Sources */,
				198613EA29ACB02F00988EC9 /* AuthentificationView.swift in Sources */,
			);
			runOnlyForDeploymentPostprocessing = 0;
		};
		198613BA29A4B93800988EC9 /* Sources */ = {
			isa = PBXSourcesBuildPhase;
			buildActionMask = 2147483647;
			files = (
				198613C329A4B93800988EC9 /* TasksAppTests.swift in Sources */,
			);
			runOnlyForDeploymentPostprocessing = 0;
		};
		198613C429A4B93800988EC9 /* Sources */ = {
			isa = PBXSourcesBuildPhase;
			buildActionMask = 2147483647;
			files = (
				198613CF29A4B93800988EC9 /* TasksAppUITestsLaunchTests.swift in Sources */,
				198613CD29A4B93800988EC9 /* TasksAppUITests.swift in Sources */,
			);
			runOnlyForDeploymentPostprocessing = 0;
		};
/* End PBXSourcesBuildPhase section */

/* Begin PBXTargetDependency section */
		198613C029A4B93800988EC9 /* PBXTargetDependency */ = {
			isa = PBXTargetDependency;
			target = 198613AD29A4B93700988EC9 /* TasksApp */;
			targetProxy = 198613BF29A4B93800988EC9 /* PBXContainerItemProxy */;
		};
		198613CA29A4B93800988EC9 /* PBXTargetDependency */ = {
			isa = PBXTargetDependency;
			target = 198613AD29A4B93700988EC9 /* TasksApp */;
			targetProxy = 198613C929A4B93800988EC9 /* PBXContainerItemProxy */;
		};
/* End PBXTargetDependency section */

/* Begin XCBuildConfiguration section */
		198613D029A4B93800988EC9 /* Debug */ = {
			isa = XCBuildConfiguration;
			buildSettings = {
				ALWAYS_SEARCH_USER_PATHS = NO;
				CLANG_ANALYZER_NONNULL = YES;
				CLANG_ANALYZER_NUMBER_OBJECT_CONVERSION = YES_AGGRESSIVE;
				CLANG_CXX_LANGUAGE_STANDARD = "gnu++20";
				CLANG_ENABLE_MODULES = YES;
				CLANG_ENABLE_OBJC_ARC = YES;
				CLANG_ENABLE_OBJC_WEAK = YES;
				CLANG_WARN_BLOCK_CAPTURE_AUTORELEASING = YES;
				CLANG_WARN_BOOL_CONVERSION = YES;
				CLANG_WARN_COMMA = YES;
				CLANG_WARN_CONSTANT_CONVERSION = YES;
				CLANG_WARN_DEPRECATED_OBJC_IMPLEMENTATIONS = YES;
				CLANG_WARN_DIRECT_OBJC_ISA_USAGE = YES_ERROR;
				CLANG_WARN_DOCUMENTATION_COMMENTS = YES;
				CLANG_WARN_EMPTY_BODY = YES;
				CLANG_WARN_ENUM_CONVERSION = YES;
				CLANG_WARN_INFINITE_RECURSION = YES;
				CLANG_WARN_INT_CONVERSION = YES;
				CLANG_WARN_NON_LITERAL_NULL_CONVERSION = YES;
				CLANG_WARN_OBJC_IMPLICIT_RETAIN_SELF = YES;
				CLANG_WARN_OBJC_LITERAL_CONVERSION = YES;
				CLANG_WARN_OBJC_ROOT_CLASS = YES_ERROR;
				CLANG_WARN_QUOTED_INCLUDE_IN_FRAMEWORK_HEADER = YES;
				CLANG_WARN_RANGE_LOOP_ANALYSIS = YES;
				CLANG_WARN_STRICT_PROTOTYPES = YES;
				CLANG_WARN_SUSPICIOUS_MOVE = YES;
				CLANG_WARN_UNGUARDED_AVAILABILITY = YES_AGGRESSIVE;
				CLANG_WARN_UNREACHABLE_CODE = YES;
				CLANG_WARN__DUPLICATE_METHOD_MATCH = YES;
				COPY_PHASE_STRIP = NO;
				DEBUG_INFORMATION_FORMAT = dwarf;
				ENABLE_STRICT_OBJC_MSGSEND = YES;
				ENABLE_TESTABILITY = YES;
				GCC_C_LANGUAGE_STANDARD = gnu11;
				GCC_DYNAMIC_NO_PIC = NO;
				GCC_NO_COMMON_BLOCKS = YES;
				GCC_OPTIMIZATION_LEVEL = 0;
				GCC_PREPROCESSOR_DEFINITIONS = (
					"DEBUG=1",
					"$(inherited)",
				);
				GCC_WARN_64_TO_32_BIT_CONVERSION = YES;
				GCC_WARN_ABOUT_RETURN_TYPE = YES_ERROR;
				GCC_WARN_UNDECLARED_SELECTOR = YES;
				GCC_WARN_UNINITIALIZED_AUTOS = YES_AGGRESSIVE;
				GCC_WARN_UNUSED_FUNCTION = YES;
				GCC_WARN_UNUSED_VARIABLE = YES;
				IPHONEOS_DEPLOYMENT_TARGET = 16.2;
				MTL_ENABLE_DEBUG_INFO = INCLUDE_SOURCE;
				MTL_FAST_MATH = YES;
				ONLY_ACTIVE_ARCH = YES;
				SDKROOT = iphoneos;
				SWIFT_ACTIVE_COMPILATION_CONDITIONS = DEBUG;
				SWIFT_OPTIMIZATION_LEVEL = "-Onone";
			};
			name = Debug;
		};
		198613D129A4B93800988EC9 /* Release */ = {
			isa = XCBuildConfiguration;
			buildSettings = {
				ALWAYS_SEARCH_USER_PATHS = NO;
				CLANG_ANALYZER_NONNULL = YES;
				CLANG_ANALYZER_NUMBER_OBJECT_CONVERSION = YES_AGGRESSIVE;
				CLANG_CXX_LANGUAGE_STANDARD = "gnu++20";
				CLANG_ENABLE_MODULES = YES;
				CLANG_ENABLE_OBJC_ARC = YES;
				CLANG_ENABLE_OBJC_WEAK = YES;
				CLANG_WARN_BLOCK_CAPTURE_AUTORELEASING = YES;
				CLANG_WARN_BOOL_CONVERSION = YES;
				CLANG_WARN_COMMA = YES;
				CLANG_WARN_CONSTANT_CONVERSION = YES;
				CLANG_WARN_DEPRECATED_OBJC_IMPLEMENTATIONS = YES;
				CLANG_WARN_DIRECT_OBJC_ISA_USAGE = YES_ERROR;
				CLANG_WARN_DOCUMENTATION_COMMENTS = YES;
				CLANG_WARN_EMPTY_BODY = YES;
				CLANG_WARN_ENUM_CONVERSION = YES;
				CLANG_WARN_INFINITE_RECURSION = YES;
				CLANG_WARN_INT_CONVERSION = YES;
				CLANG_WARN_NON_LITERAL_NULL_CONVERSION = YES;
				CLANG_WARN_OBJC_IMPLICIT_RETAIN_SELF = YES;
				CLANG_WARN_OBJC_LITERAL_CONVERSION = YES;
				CLANG_WARN_OBJC_ROOT_CLASS = YES_ERROR;
				CLANG_WARN_QUOTED_INCLUDE_IN_FRAMEWORK_HEADER = YES;
				CLANG_WARN_RANGE_LOOP_ANALYSIS = YES;
				CLANG_WARN_STRICT_PROTOTYPES = YES;
				CLANG_WARN_SUSPICIOUS_MOVE = YES;
				CLANG_WARN_UNGUARDED_AVAILABILITY = YES_AGGRESSIVE;
				CLANG_WARN_UNREACHABLE_CODE = YES;
				CLANG_WARN__DUPLICATE_METHOD_MATCH = YES;
				COPY_PHASE_STRIP = NO;
				DEBUG_INFORMATION_FORMAT = "dwarf-with-dsym";
				ENABLE_NS_ASSERTIONS = NO;
				ENABLE_STRICT_OBJC_MSGSEND = YES;
				GCC_C_LANGUAGE_STANDARD = gnu11;
				GCC_NO_COMMON_BLOCKS = YES;
				GCC_WARN_64_TO_32_BIT_CONVERSION = YES;
				GCC_WARN_ABOUT_RETURN_TYPE = YES_ERROR;
				GCC_WARN_UNDECLARED_SELECTOR = YES;
				GCC_WARN_UNINITIALIZED_AUTOS = YES_AGGRESSIVE;
				GCC_WARN_UNUSED_FUNCTION = YES;
				GCC_WARN_UNUSED_VARIABLE = YES;
				IPHONEOS_DEPLOYMENT_TARGET = 16.2;
				MTL_ENABLE_DEBUG_INFO = NO;
				MTL_FAST_MATH = YES;
				SDKROOT = iphoneos;
				SWIFT_COMPILATION_MODE = wholemodule;
				SWIFT_OPTIMIZATION_LEVEL = "-O";
				VALIDATE_PRODUCT = YES;
			};
			name = Release;
		};
		198613D329A4B93800988EC9 /* Debug */ = {
			isa = XCBuildConfiguration;
			buildSettings = {
				ASSETCATALOG_COMPILER_APPICON_NAME = AppIcon;
				ASSETCATALOG_COMPILER_GLOBAL_ACCENT_COLOR_NAME = AccentColor;
				CODE_SIGN_STYLE = Automatic;
				CURRENT_PROJECT_VERSION = 1;
				DEVELOPMENT_ASSET_PATHS = "\"TasksApp/Preview Content\"";
				ENABLE_PREVIEWS = YES;
				GENERATE_INFOPLIST_FILE = YES;
				INFOPLIST_KEY_UIApplicationSceneManifest_Generation = YES;
				INFOPLIST_KEY_UIApplicationSupportsIndirectInputEvents = YES;
				INFOPLIST_KEY_UILaunchScreen_Generation = YES;
				INFOPLIST_KEY_UISupportedInterfaceOrientations_iPad = "UIInterfaceOrientationPortrait UIInterfaceOrientationPortraitUpsideDown UIInterfaceOrientationLandscapeLeft UIInterfaceOrientationLandscapeRight";
				INFOPLIST_KEY_UISupportedInterfaceOrientations_iPhone = "UIInterfaceOrientationPortrait UIInterfaceOrientationLandscapeLeft UIInterfaceOrientationLandscapeRight";
				LD_RUNPATH_SEARCH_PATHS = (
					"$(inherited)",
					"@executable_path/Frameworks",
				);
				MARKETING_VERSION = 1.0;
				PRODUCT_BUNDLE_IDENTIFIER = Htw.TasksApp;
				PRODUCT_NAME = "$(TARGET_NAME)";
				SWIFT_EMIT_LOC_STRINGS = YES;
				SWIFT_VERSION = 5.0;
				TARGETED_DEVICE_FAMILY = "1,2";
			};
			name = Debug;
		};
		198613D429A4B93800988EC9 /* Release */ = {
			isa = XCBuildConfiguration;
			buildSettings = {
				ASSETCATALOG_COMPILER_APPICON_NAME = AppIcon;
				ASSETCATALOG_COMPILER_GLOBAL_ACCENT_COLOR_NAME = AccentColor;
				CODE_SIGN_STYLE = Automatic;
				CURRENT_PROJECT_VERSION = 1;
				DEVELOPMENT_ASSET_PATHS = "\"TasksApp/Preview Content\"";
				ENABLE_PREVIEWS = YES;
				GENERATE_INFOPLIST_FILE = YES;
				INFOPLIST_KEY_UIApplicationSceneManifest_Generation = YES;
				INFOPLIST_KEY_UIApplicationSupportsIndirectInputEvents = YES;
				INFOPLIST_KEY_UILaunchScreen_Generation = YES;
				INFOPLIST_KEY_UISupportedInterfaceOrientations_iPad = "UIInterfaceOrientationPortrait UIInterfaceOrientationPortraitUpsideDown UIInterfaceOrientationLandscapeLeft UIInterfaceOrientationLandscapeRight";
				INFOPLIST_KEY_UISupportedInterfaceOrientations_iPhone = "UIInterfaceOrientationPortrait UIInterfaceOrientationLandscapeLeft UIInterfaceOrientationLandscapeRight";
				LD_RUNPATH_SEARCH_PATHS = (
					"$(inherited)",
					"@executable_path/Frameworks",
				);
				MARKETING_VERSION = 1.0;
				PRODUCT_BUNDLE_IDENTIFIER = Htw.TasksApp;
				PRODUCT_NAME = "$(TARGET_NAME)";
				SWIFT_EMIT_LOC_STRINGS = YES;
				SWIFT_VERSION = 5.0;
				TARGETED_DEVICE_FAMILY = "1,2";
			};
			name = Release;
		};
		198613D629A4B93800988EC9 /* Debug */ = {
			isa = XCBuildConfiguration;
			buildSettings = {
				ALWAYS_EMBED_SWIFT_STANDARD_LIBRARIES = YES;
				BUNDLE_LOADER = "$(TEST_HOST)";
				CODE_SIGN_STYLE = Automatic;
				CURRENT_PROJECT_VERSION = 1;
				GENERATE_INFOPLIST_FILE = YES;
				IPHONEOS_DEPLOYMENT_TARGET = 16.2;
				MARKETING_VERSION = 1.0;
				PRODUCT_BUNDLE_IDENTIFIER = Htw.TasksAppTests;
				PRODUCT_NAME = "$(TARGET_NAME)";
				SWIFT_EMIT_LOC_STRINGS = NO;
				SWIFT_VERSION = 5.0;
				TARGETED_DEVICE_FAMILY = "1,2";
				TEST_HOST = "$(BUILT_PRODUCTS_DIR)/TasksApp.app/$(BUNDLE_EXECUTABLE_FOLDER_PATH)/TasksApp";
			};
			name = Debug;
		};
		198613D729A4B93800988EC9 /* Release */ = {
			isa = XCBuildConfiguration;
			buildSettings = {
				ALWAYS_EMBED_SWIFT_STANDARD_LIBRARIES = YES;
				BUNDLE_LOADER = "$(TEST_HOST)";
				CODE_SIGN_STYLE = Automatic;
				CURRENT_PROJECT_VERSION = 1;
				GENERATE_INFOPLIST_FILE = YES;
				IPHONEOS_DEPLOYMENT_TARGET = 16.2;
				MARKETING_VERSION = 1.0;
				PRODUCT_BUNDLE_IDENTIFIER = Htw.TasksAppTests;
				PRODUCT_NAME = "$(TARGET_NAME)";
				SWIFT_EMIT_LOC_STRINGS = NO;
				SWIFT_VERSION = 5.0;
				TARGETED_DEVICE_FAMILY = "1,2";
				TEST_HOST = "$(BUILT_PRODUCTS_DIR)/TasksApp.app/$(BUNDLE_EXECUTABLE_FOLDER_PATH)/TasksApp";
			};
			name = Release;
		};
		198613D929A4B93800988EC9 /* Debug */ = {
			isa = XCBuildConfiguration;
			buildSettings = {
				ALWAYS_EMBED_SWIFT_STANDARD_LIBRARIES = YES;
				CODE_SIGN_STYLE = Automatic;
				CURRENT_PROJECT_VERSION = 1;
				GENERATE_INFOPLIST_FILE = YES;
				MARKETING_VERSION = 1.0;
				PRODUCT_BUNDLE_IDENTIFIER = Htw.TasksAppUITests;
				PRODUCT_NAME = "$(TARGET_NAME)";
				SWIFT_EMIT_LOC_STRINGS = NO;
				SWIFT_VERSION = 5.0;
				TARGETED_DEVICE_FAMILY = "1,2";
				TEST_TARGET_NAME = TasksApp;
			};
			name = Debug;
		};
		198613DA29A4B93800988EC9 /* Release */ = {
			isa = XCBuildConfiguration;
			buildSettings = {
				ALWAYS_EMBED_SWIFT_STANDARD_LIBRARIES = YES;
				CODE_SIGN_STYLE = Automatic;
				CURRENT_PROJECT_VERSION = 1;
				GENERATE_INFOPLIST_FILE = YES;
				MARKETING_VERSION = 1.0;
				PRODUCT_BUNDLE_IDENTIFIER = Htw.TasksAppUITests;
				PRODUCT_NAME = "$(TARGET_NAME)";
				SWIFT_EMIT_LOC_STRINGS = NO;
				SWIFT_VERSION = 5.0;
				TARGETED_DEVICE_FAMILY = "1,2";
				TEST_TARGET_NAME = TasksApp;
			};
			name = Release;
		};
/* End XCBuildConfiguration section */

/* Begin XCConfigurationList section */
		198613A929A4B93700988EC9 /* Build configuration list for PBXProject "TasksApp" */ = {
			isa = XCConfigurationList;
			buildConfigurations = (
				198613D029A4B93800988EC9 /* Debug */,
				198613D129A4B93800988EC9 /* Release */,
			);
			defaultConfigurationIsVisible = 0;
			defaultConfigurationName = Release;
		};
		198613D229A4B93800988EC9 /* Build configuration list for PBXNativeTarget "TasksApp" */ = {
			isa = XCConfigurationList;
			buildConfigurations = (
				198613D329A4B93800988EC9 /* Debug */,
				198613D429A4B93800988EC9 /* Release */,
			);
			defaultConfigurationIsVisible = 0;
			defaultConfigurationName = Release;
		};
		198613D529A4B93800988EC9 /* Build configuration list for PBXNativeTarget "TasksAppTests" */ = {
			isa = XCConfigurationList;
			buildConfigurations = (
				198613D629A4B93800988EC9 /* Debug */,
				198613D729A4B93800988EC9 /* Release */,
			);
			defaultConfigurationIsVisible = 0;
			defaultConfigurationName = Release;
		};
		198613D829A4B93800988EC9 /* Build configuration list for PBXNativeTarget "TasksAppUITests" */ = {
			isa = XCConfigurationList;
			buildConfigurations = (
				198613D929A4B93800988EC9 /* Debug */,
				198613DA29A4B93800988EC9 /* Release */,
			);
			defaultConfigurationIsVisible = 0;
			defaultConfigurationName = Release;
		};
/* End XCConfigurationList section */
	};
	rootObject = 198613A629A4B93700988EC9 /* Project object */;
}
